
Microsoft Visual Studio Solution File, Format Version 12.00
# Visual Studio Version 17
VisualStudioVersion = 17.2.32526.322
MinimumVisualStudioVersion = 10.0.40219.1
Project("{FAE04EC0-301F-11D3-BF4B-00C04F79EFBC}") = "24AMProyectoBD", "24AMProyectoBD\24AMProyectoBD.csproj", "{EB8D0431-612E-49C6-AC35-0C294B40682A}"
EndProject
Global
	GlobalSection(SolutionConfigurationPlatforms) = preSolution
		Debug|Any CPU = Debug|Any CPU
		Release|Any CPU = Release|Any CPU
	EndGlobalSection
	GlobalSection(ProjectConfigurationPlatforms) = postSolution
		{EB8D0431-612E-49C6-AC35-0C294B40682A}.Debug|Any CPU.ActiveCfg = Debug|Any CPU
		{EB8D0431-612E-49C6-AC35-0C294B40682A}.Debug|Any CPU.Build.0 = Debug|Any CPU
		{EB8D0431-612E-49C6-AC35-0C294B40682A}.Release|Any CPU.ActiveCfg = Release|Any CPU
		{EB8D0431-612E-49C6-AC35-0C294B40682A}.Release|Any CPU.Build.0 = Release|Any CPU
	EndGlobalSection
	GlobalSection(SolutionProperties) = preSolution
		HideSolutionNode = FALSE
	EndGlobalSection
	GlobalSection(ExtensibilityGlobals) = postSolution
		SolutionGuid = {8BF32CF6-0B0E-4996-B409-0C69C298CC27}
	EndGlobalSection
EndGlobal
